
Microsoft Visual Studio Solution File, Format Version 12.00
# Visual Studio Version 16
VisualStudioVersion = 16.0.32228.343
MinimumVisualStudioVersion = 10.0.40219.1
Project("{FAE04EC0-301F-11D3-BF4B-00C04F79EFBC}") = "Praktika", "Praktika\Praktika.csproj", "{9E591FB1-385D-4291-B9CA-BA270199B82F}"
EndProject
Global
	GlobalSection(SolutionConfigurationPlatforms) = preSolution
		Debug|Any CPU = Debug|Any CPU
		Release|Any CPU = Release|Any CPU
	EndGlobalSection
	GlobalSection(ProjectConfigurationPlatforms) = postSolution
		{9E591FB1-385D-4291-B9CA-BA270199B82F}.Debug|Any CPU.ActiveCfg = Debug|Any CPU
		{9E591FB1-385D-4291-B9CA-BA270199B82F}.Debug|Any CPU.Build.0 = Debug|Any CPU
		{9E591FB1-385D-4291-B9CA-BA270199B82F}.Release|Any CPU.ActiveCfg = Release|Any CPU
		{9E591FB1-385D-4291-B9CA-BA270199B82F}.Release|Any CPU.Build.0 = Release|Any CPU
	EndGlobalSection
	GlobalSection(SolutionProperties) = preSolution
		HideSolutionNode = FALSE
	EndGlobalSection
	GlobalSection(ExtensibilityGlobals) = postSolution
		SolutionGuid = {4051A1B4-9EA7-40AD-B18F-87B5244F277F}
	EndGlobalSection
EndGlobal
